
Microsoft Visual Studio Solution File, Format Version 12.00
# Visual Studio Version 16
VisualStudioVersion = 16.0.31613.86
MinimumVisualStudioVersion = 10.0.40219.1
Project("{FAE04EC0-301F-11D3-BF4B-00C04F79EFBC}") = "AppMain", "AppMain\AppMain.csproj", "{C477B369-6BA9-473D-AAFB-16F4DF1ECB93}"
EndProject
Project("{FAE04EC0-301F-11D3-BF4B-00C04F79EFBC}") = "WebViewRuntimeComponent", "WebViewRuntimeComponent\WebViewRuntimeComponent.csproj", "{74C08B1D-E531-430F-9991-84EF784981E1}"
EndProject
Project("{FAE04EC0-301F-11D3-BF4B-00C04F79EFBC}") = "ClassLibrary1", "ClassLibrary1\ClassLibrary1.csproj", "{99529FA6-0298-434A-8775-AF99B89408C5}"
EndProject
Project("{FAE04EC0-301F-11D3-BF4B-00C04F79EFBC}") = "AppWebView2", "AppWebView2\AppWebView2.csproj", "{E51DFE56-243A-4797-B954-5B3EC38C8BF9}"
EndProject
Project("{FAE04EC0-301F-11D3-BF4B-00C04F79EFBC}") = "WpfApp1", "WpfApp1\WpfApp1.csproj", "{CC4A31F1-7205-45C6-95FA-431EDE53DD74}"
EndProject
Project("{C7167F0D-BC9F-4E6E-AFE1-012C56B48DB5}") = "WapProjTemplate1", "WapProjTemplate1\WapProjTemplate1.wapproj", "{58B9C34D-7111-4B02-893A-1427988E57CA}"
EndProject
Project("{FAE04EC0-301F-11D3-BF4B-00C04F79EFBC}") = "AppServiceProvider", "AppServiceProvider\AppServiceProvider.csproj", "{5344C75A-123E-4AA0-A51C-431477263ABB}"
EndProject
Project("{FAE04EC0-301F-11D3-BF4B-00C04F79EFBC}") = "MyAppService", "MyAppService\MyAppService.csproj", "{156CAC86-E74C-43EF-AB28-B7848222E116}"
EndProject
Global
	GlobalSection(SolutionConfigurationPlatforms) = preSolution
		Debug|Any CPU = Debug|Any CPU
		Debug|ARM = Debug|ARM
		Debug|arm64 = Debug|arm64
		Debug|x64 = Debug|x64
		Debug|x86 = Debug|x86
		Release|Any CPU = Release|Any CPU
		Release|ARM = Release|ARM
		Release|arm64 = Release|arm64
		Release|x64 = Release|x64
		Release|x86 = Release|x86
	EndGlobalSection
	GlobalSection(ProjectConfigurationPlatforms) = postSolution
		{C477B369-6BA9-473D-AAFB-16F4DF1ECB93}.Debug|Any CPU.ActiveCfg = Debug|Any CPU
		{C477B369-6BA9-473D-AAFB-16F4DF1ECB93}.Debug|Any CPU.Build.0 = Debug|Any CPU
		{C477B369-6BA9-473D-AAFB-16F4DF1ECB93}.Debug|Any CPU.Deploy.0 = Debug|Any CPU
		{C477B369-6BA9-473D-AAFB-16F4DF1ECB93}.Debug|ARM.ActiveCfg = Debug|ARM
		{C477B369-6BA9-473D-AAFB-16F4DF1ECB93}.Debug|ARM.Build.0 = Debug|ARM
		{C477B369-6BA9-473D-AAFB-16F4DF1ECB93}.Debug|ARM.Deploy.0 = Debug|ARM
		{C477B369-6BA9-473D-AAFB-16F4DF1ECB93}.Debug|arm64.ActiveCfg = Debug|ARM64
		{C477B369-6BA9-473D-AAFB-16F4DF1ECB93}.Debug|arm64.Build.0 = Debug|ARM64
		{C477B369-6BA9-473D-AAFB-16F4DF1ECB93}.Debug|arm64.Deploy.0 = Debug|ARM64
		{C477B369-6BA9-473D-AAFB-16F4DF1ECB93}.Debug|x64.ActiveCfg = Debug|x64
		{C477B369-6BA9-473D-AAFB-16F4DF1ECB93}.Debug|x64.Build.0 = Debug|x64
		{C477B369-6BA9-473D-AAFB-16F4DF1ECB93}.Debug|x64.Deploy.0 = Debug|x64
		{C477B369-6BA9-473D-AAFB-16F4DF1ECB93}.Debug|x86.ActiveCfg = Debug|x86
		{C477B369-6BA9-473D-AAFB-16F4DF1ECB93}.Debug|x86.Build.0 = Debug|x86
		{C477B369-6BA9-473D-AAFB-16F4DF1ECB93}.Debug|x86.Deploy.0 = Debug|x86
		{C477B369-6BA9-473D-AAFB-16F4DF1ECB93}.Release|Any CPU.ActiveCfg = Release|Any CPU
		{C477B369-6BA9-473D-AAFB-16F4DF1ECB93}.Release|Any CPU.Build.0 = Release|Any CPU
		{C477B369-6BA9-473D-AAFB-16F4DF1ECB93}.Release|Any CPU.Deploy.0 = Release|Any CPU
		{C477B369-6BA9-473D-AAFB-16F4DF1ECB93}.Release|ARM.ActiveCfg = Release|ARM
		{C477B369-6BA9-473D-AAFB-16F4DF1ECB93}.Release|ARM.Build.0 = Release|ARM
		{C477B369-6BA9-473D-AAFB-16F4DF1ECB93}.Release|ARM.Deploy.0 = Release|ARM
		{C477B369-6BA9-473D-AAFB-16F4DF1ECB93}.Release|arm64.ActiveCfg = Release|ARM64
		{C477B369-6BA9-473D-AAFB-16F4DF1ECB93}.Release|arm64.Build.0 = Release|ARM64
		{C477B369-6BA9-473D-AAFB-16F4DF1ECB93}.Release|arm64.Deploy.0 = Release|ARM64
		{C477B369-6BA9-473D-AAFB-16F4DF1ECB93}.Release|x64.ActiveCfg = Release|x64
		{C477B369-6BA9-473D-AAFB-16F4DF1ECB93}.Release|x64.Build.0 = Release|x64
		{C477B369-6BA9-473D-AAFB-16F4DF1ECB93}.Release|x64.Deploy.0 = Release|x64
		{C477B369-6BA9-473D-AAFB-16F4DF1ECB93}.Release|x86.ActiveCfg = Release|x86
		{C477B369-6BA9-473D-AAFB-16F4DF1ECB93}.Release|x86.Build.0 = Release|x86
		{C477B369-6BA9-473D-AAFB-16F4DF1ECB93}.Release|x86.Deploy.0 = Release|x86
		{74C08B1D-E531-430F-9991-84EF784981E1}.Debug|Any CPU.ActiveCfg = Debug|Any CPU
		{74C08B1D-E531-430F-9991-84EF784981E1}.Debug|Any CPU.Build.0 = Debug|Any CPU
		{74C08B1D-E531-430F-9991-84EF784981E1}.Debug|ARM.ActiveCfg = Debug|x86
		{74C08B1D-E531-430F-9991-84EF784981E1}.Debug|arm64.ActiveCfg = Debug|arm64
		{74C08B1D-E531-430F-9991-84EF784981E1}.Debug|arm64.Build.0 = Debug|arm64
		{74C08B1D-E531-430F-9991-84EF784981E1}.Debug|x64.ActiveCfg = Debug|x64
		{74C08B1D-E531-430F-9991-84EF784981E1}.Debug|x64.Build.0 = Debug|x64
		{74C08B1D-E531-430F-9991-84EF784981E1}.Debug|x86.ActiveCfg = Debug|x86
		{74C08B1D-E531-430F-9991-84EF784981E1}.Debug|x86.Build.0 = Debug|x86
		{74C08B1D-E531-430F-9991-84EF784981E1}.Release|Any CPU.ActiveCfg = Release|Any CPU
		{74C08B1D-E531-430F-9991-84EF784981E1}.Release|Any CPU.Build.0 = Release|Any CPU
		{74C08B1D-E531-430F-9991-84EF784981E1}.Release|ARM.ActiveCfg = Release|x86
		{74C08B1D-E531-430F-9991-84EF784981E1}.Release|arm64.ActiveCfg = Release|arm64
		{74C08B1D-E531-430F-9991-84EF784981E1}.Release|arm64.Build.0 = Release|arm64
		{74C08B1D-E531-430F-9991-84EF784981E1}.Release|x64.ActiveCfg = Release|x64
		{74C08B1D-E531-430F-9991-84EF784981E1}.Release|x64.Build.0 = Release|x64
		{74C08B1D-E531-430F-9991-84EF784981E1}.Release|x86.ActiveCfg = Release|x86
		{74C08B1D-E531-430F-9991-84EF784981E1}.Release|x86.Build.0 = Release|x86
		{99529FA6-0298-434A-8775-AF99B89408C5}.Debug|Any CPU.ActiveCfg = Debug|Any CPU
		{99529FA6-0298-434A-8775-AF99B89408C5}.Debug|Any CPU.Build.0 = Debug|Any CPU
		{99529FA6-0298-434A-8775-AF99B89408C5}.Debug|ARM.ActiveCfg = Debug|Any CPU
		{99529FA6-0298-434A-8775-AF99B89408C5}.Debug|ARM.Build.0 = Debug|Any CPU
		{99529FA6-0298-434A-8775-AF99B89408C5}.Debug|arm64.ActiveCfg = Debug|arm64
		{99529FA6-0298-434A-8775-AF99B89408C5}.Debug|arm64.Build.0 = Debug|arm64
		{99529FA6-0298-434A-8775-AF99B89408C5}.Debug|x64.ActiveCfg = Debug|x64
		{99529FA6-0298-434A-8775-AF99B89408C5}.Debug|x64.Build.0 = Debug|x64
		{99529FA6-0298-434A-8775-AF99B89408C5}.Debug|x86.ActiveCfg = Debug|x86
		{99529FA6-0298-434A-8775-AF99B89408C5}.Debug|x86.Build.0 = Debug|x86
		{99529FA6-0298-434A-8775-AF99B89408C5}.Release|Any CPU.ActiveCfg = Release|Any CPU
		{99529FA6-0298-434A-8775-AF99B89408C5}.Release|Any CPU.Build.0 = Release|Any CPU
		{99529FA6-0298-434A-8775-AF99B89408C5}.Release|ARM.ActiveCfg = Release|Any CPU
		{99529FA6-0298-434A-8775-AF99B89408C5}.Release|ARM.Build.0 = Release|Any CPU
		{99529FA6-0298-434A-8775-AF99B89408C5}.Release|arm64.ActiveCfg = Release|arm64
		{99529FA6-0298-434A-8775-AF99B89408C5}.Release|arm64.Build.0 = Release|arm64
		{99529FA6-0298-434A-8775-AF99B89408C5}.Release|x64.ActiveCfg = Release|x64
		{99529FA6-0298-434A-8775-AF99B89408C5}.Release|x64.Build.0 = Release|x64
		{99529FA6-0298-434A-8775-AF99B89408C5}.Release|x86.ActiveCfg = Release|x86
		{99529FA6-0298-434A-8775-AF99B89408C5}.Release|x86.Build.0 = Release|x86
		{E51DFE56-243A-4797-B954-5B3EC38C8BF9}.Debug|Any CPU.ActiveCfg = Debug|x86
		{E51DFE56-243A-4797-B954-5B3EC38C8BF9}.Debug|ARM.ActiveCfg = Debug|x86
		{E51DFE56-243A-4797-B954-5B3EC38C8BF9}.Debug|arm64.ActiveCfg = Debug|arm64
		{E51DFE56-243A-4797-B954-5B3EC38C8BF9}.Debug|arm64.Build.0 = Debug|arm64
		{E51DFE56-243A-4797-B954-5B3EC38C8BF9}.Debug|arm64.Deploy.0 = Debug|arm64
		{E51DFE56-243A-4797-B954-5B3EC38C8BF9}.Debug|x64.ActiveCfg = Debug|x64
		{E51DFE56-243A-4797-B954-5B3EC38C8BF9}.Debug|x64.Build.0 = Debug|x64
		{E51DFE56-243A-4797-B954-5B3EC38C8BF9}.Debug|x64.Deploy.0 = Debug|x64
		{E51DFE56-243A-4797-B954-5B3EC38C8BF9}.Debug|x86.ActiveCfg = Debug|x86
		{E51DFE56-243A-4797-B954-5B3EC38C8BF9}.Debug|x86.Build.0 = Debug|x86
		{E51DFE56-243A-4797-B954-5B3EC38C8BF9}.Debug|x86.Deploy.0 = Debug|x86
		{E51DFE56-243A-4797-B954-5B3EC38C8BF9}.Release|Any CPU.ActiveCfg = Release|x86
		{E51DFE56-243A-4797-B954-5B3EC38C8BF9}.Release|ARM.ActiveCfg = Release|x86
		{E51DFE56-243A-4797-B954-5B3EC38C8BF9}.Release|arm64.ActiveCfg = Release|arm64
		{E51DFE56-243A-4797-B954-5B3EC38C8BF9}.Release|arm64.Build.0 = Release|arm64
		{E51DFE56-243A-4797-B954-5B3EC38C8BF9}.Release|arm64.Deploy.0 = Release|arm64
		{E51DFE56-243A-4797-B954-5B3EC38C8BF9}.Release|x64.ActiveCfg = Release|x64
		{E51DFE56-243A-4797-B954-5B3EC38C8BF9}.Release|x64.Build.0 = Release|x64
		{E51DFE56-243A-4797-B954-5B3EC38C8BF9}.Release|x64.Deploy.0 = Release|x64
		{E51DFE56-243A-4797-B954-5B3EC38C8BF9}.Release|x86.ActiveCfg = Release|x86
		{E51DFE56-243A-4797-B954-5B3EC38C8BF9}.Release|x86.Build.0 = Release|x86
		{E51DFE56-243A-4797-B954-5B3EC38C8BF9}.Release|x86.Deploy.0 = Release|x86
		{CC4A31F1-7205-45C6-95FA-431EDE53DD74}.Debug|Any CPU.ActiveCfg = Debug|Any CPU
		{CC4A31F1-7205-45C6-95FA-431EDE53DD74}.Debug|Any CPU.Build.0 = Debug|Any CPU
		{CC4A31F1-7205-45C6-95FA-431EDE53DD74}.Debug|ARM.ActiveCfg = Debug|Any CPU
		{CC4A31F1-7205-45C6-95FA-431EDE53DD74}.Debug|ARM.Build.0 = Debug|Any CPU
		{CC4A31F1-7205-45C6-95FA-431EDE53DD74}.Debug|arm64.ActiveCfg = Debug|Any CPU
		{CC4A31F1-7205-45C6-95FA-431EDE53DD74}.Debug|arm64.Build.0 = Debug|Any CPU
		{CC4A31F1-7205-45C6-95FA-431EDE53DD74}.Debug|x64.ActiveCfg = Debug|Any CPU
		{CC4A31F1-7205-45C6-95FA-431EDE53DD74}.Debug|x64.Build.0 = Debug|Any CPU
		{CC4A31F1-7205-45C6-95FA-431EDE53DD74}.Debug|x86.ActiveCfg = Debug|Any CPU
		{CC4A31F1-7205-45C6-95FA-431EDE53DD74}.Debug|x86.Build.0 = Debug|Any CPU
		{CC4A31F1-7205-45C6-95FA-431EDE53DD74}.Release|Any CPU.ActiveCfg = Release|Any CPU
		{CC4A31F1-7205-45C6-95FA-431EDE53DD74}.Release|Any CPU.Build.0 = Release|Any CPU
		{CC4A31F1-7205-45C6-95FA-431EDE53DD74}.Release|ARM.ActiveCfg = Release|Any CPU
		{CC4A31F1-7205-45C6-95FA-431EDE53DD74}.Release|ARM.Build.0 = Release|Any CPU
		{CC4A31F1-7205-45C6-95FA-431EDE53DD74}.Release|arm64.ActiveCfg = Release|Any CPU
		{CC4A31F1-7205-45C6-95FA-431EDE53DD74}.Release|arm64.Build.0 = Release|Any CPU
		{CC4A31F1-7205-45C6-95FA-431EDE53DD74}.Release|x64.ActiveCfg = Release|Any CPU
		{CC4A31F1-7205-45C6-95FA-431EDE53DD74}.Release|x64.Build.0 = Release|Any CPU
		{CC4A31F1-7205-45C6-95FA-431EDE53DD74}.Release|x86.ActiveCfg = Release|Any CPU
		{CC4A31F1-7205-45C6-95FA-431EDE53DD74}.Release|x86.Build.0 = Release|Any CPU
		{58B9C34D-7111-4B02-893A-1427988E57CA}.Debug|Any CPU.ActiveCfg = Debug|Any CPU
		{58B9C34D-7111-4B02-893A-1427988E57CA}.Debug|Any CPU.Build.0 = Debug|Any CPU
		{58B9C34D-7111-4B02-893A-1427988E57CA}.Debug|Any CPU.Deploy.0 = Debug|Any CPU
		{58B9C34D-7111-4B02-893A-1427988E57CA}.Debug|ARM.ActiveCfg = Debug|ARM
		{58B9C34D-7111-4B02-893A-1427988E57CA}.Debug|ARM.Build.0 = Debug|ARM
		{58B9C34D-7111-4B02-893A-1427988E57CA}.Debug|ARM.Deploy.0 = Debug|ARM
		{58B9C34D-7111-4B02-893A-1427988E57CA}.Debug|arm64.ActiveCfg = Debug|ARM64
		{58B9C34D-7111-4B02-893A-1427988E57CA}.Debug|arm64.Build.0 = Debug|ARM64
		{58B9C34D-7111-4B02-893A-1427988E57CA}.Debug|arm64.Deploy.0 = Debug|ARM64
		{58B9C34D-7111-4B02-893A-1427988E57CA}.Debug|x64.ActiveCfg = Debug|x64
		{58B9C34D-7111-4B02-893A-1427988E57CA}.Debug|x64.Build.0 = Debug|x64
		{58B9C34D-7111-4B02-893A-1427988E57CA}.Debug|x64.Deploy.0 = Debug|x64
		{58B9C34D-7111-4B02-893A-1427988E57CA}.Debug|x86.ActiveCfg = Debug|x86
		{58B9C34D-7111-4B02-893A-1427988E57CA}.Debug|x86.Build.0 = Debug|x86
		{58B9C34D-7111-4B02-893A-1427988E57CA}.Debug|x86.Deploy.0 = Debug|x86
		{58B9C34D-7111-4B02-893A-1427988E57CA}.Release|Any CPU.ActiveCfg = Release|Any CPU
		{58B9C34D-7111-4B02-893A-1427988E57CA}.Release|Any CPU.Build.0 = Release|Any CPU
		{58B9C34D-7111-4B02-893A-1427988E57CA}.Release|Any CPU.Deploy.0 = Release|Any CPU
		{58B9C34D-7111-4B02-893A-1427988E57CA}.Release|ARM.ActiveCfg = Release|ARM
		{58B9C34D-7111-4B02-893A-1427988E57CA}.Release|ARM.Build.0 = Release|ARM
		{58B9C34D-7111-4B02-893A-1427988E57CA}.Release|ARM.Deploy.0 = Release|ARM
		{58B9C34D-7111-4B02-893A-1427988E57CA}.Release|arm64.ActiveCfg = Release|ARM64
		{58B9C34D-7111-4B02-893A-1427988E57CA}.Release|arm64.Build.0 = Release|ARM64
		{58B9C34D-7111-4B02-893A-1427988E57CA}.Release|arm64.Deploy.0 = Release|ARM64
		{58B9C34D-7111-4B02-893A-1427988E57CA}.Release|x64.ActiveCfg = Release|x64
		{58B9C34D-7111-4B02-893A-1427988E57CA}.Release|x64.Build.0 = Release|x64
		{58B9C34D-7111-4B02-893A-1427988E57CA}.Release|x64.Deploy.0 = Release|x64
		{58B9C34D-7111-4B02-893A-1427988E57CA}.Release|x86.ActiveCfg = Release|x86
		{58B9C34D-7111-4B02-893A-1427988E57CA}.Release|x86.Build.0 = Release|x86
		{58B9C34D-7111-4B02-893A-1427988E57CA}.Release|x86.Deploy.0 = Release|x86
		{5344C75A-123E-4AA0-A51C-431477263ABB}.Debug|Any CPU.ActiveCfg = Debug|x86
		{5344C75A-123E-4AA0-A51C-431477263ABB}.Debug|ARM.ActiveCfg = Debug|ARM
		{5344C75A-123E-4AA0-A51C-431477263ABB}.Debug|ARM.Build.0 = Debug|ARM
		{5344C75A-123E-4AA0-A51C-431477263ABB}.Debug|ARM.Deploy.0 = Debug|ARM
		{5344C75A-123E-4AA0-A51C-431477263ABB}.Debug|arm64.ActiveCfg = Debug|ARM64
		{5344C75A-123E-4AA0-A51C-431477263ABB}.Debug|arm64.Build.0 = Debug|ARM64
		{5344C75A-123E-4AA0-A51C-431477263ABB}.Debug|arm64.Deploy.0 = Debug|ARM64
		{5344C75A-123E-4AA0-A51C-431477263ABB}.Debug|x64.ActiveCfg = Debug|x64
		{5344C75A-123E-4AA0-A51C-431477263ABB}.Debug|x64.Build.0 = Debug|x64
		{5344C75A-123E-4AA0-A51C-431477263ABB}.Debug|x64.Deploy.0 = Debug|x64
		{5344C75A-123E-4AA0-A51C-431477263ABB}.Debug|x86.ActiveCfg = Debug|x86
		{5344C75A-123E-4AA0-A51C-431477263ABB}.Debug|x86.Build.0 = Debug|x86
		{5344C75A-123E-4AA0-A51C-431477263ABB}.Debug|x86.Deploy.0 = Debug|x86
		{5344C75A-123E-4AA0-A51C-431477263ABB}.Release|Any CPU.ActiveCfg = Release|x86
		{5344C75A-123E-4AA0-A51C-431477263ABB}.Release|ARM.ActiveCfg = Release|ARM
		{5344C75A-123E-4AA0-A51C-431477263ABB}.Release|ARM.Build.0 = Release|ARM
		{5344C75A-123E-4AA0-A51C-431477263ABB}.Release|ARM.Deploy.0 = Release|ARM
		{5344C75A-123E-4AA0-A51C-431477263ABB}.Release|arm64.ActiveCfg = Release|ARM64
		{5344C75A-123E-4AA0-A51C-431477263ABB}.Release|arm64.Build.0 = Release|ARM64
		{5344C75A-123E-4AA0-A51C-431477263ABB}.Release|arm64.Deploy.0 = Release|ARM64
		{5344C75A-123E-4AA0-A51C-431477263ABB}.Release|x64.ActiveCfg = Release|x64
		{5344C75A-123E-4AA0-A51C-431477263ABB}.Release|x64.Build.0 = Release|x64
		{5344C75A-123E-4AA0-A51C-431477263ABB}.Release|x64.Deploy.0 = Release|x64
		{5344C75A-123E-4AA0-A51C-431477263ABB}.Release|x86.ActiveCfg = Release|x86
		{5344C75A-123E-4AA0-A51C-431477263ABB}.Release|x86.Build.0 = Release|x86
		{5344C75A-123E-4AA0-A51C-431477263ABB}.Release|x86.Deploy.0 = Release|x86
		{156CAC86-E74C-43EF-AB28-B7848222E116}.Debug|Any CPU.ActiveCfg = Debug|Any CPU
		{156CAC86-E74C-43EF-AB28-B7848222E116}.Debug|Any CPU.Build.0 = Debug|Any CPU
		{156CAC86-E74C-43EF-AB28-B7848222E116}.Debug|ARM.ActiveCfg = Debug|ARM
		{156CAC86-E74C-43EF-AB28-B7848222E116}.Debug|ARM.Build.0 = Debug|ARM
		{156CAC86-E74C-43EF-AB28-B7848222E116}.Debug|arm64.ActiveCfg = Debug|ARM64
		{156CAC86-E74C-43EF-AB28-B7848222E116}.Debug|arm64.Build.0 = Debug|ARM64
		{156CAC86-E74C-43EF-AB28-B7848222E116}.Debug|x64.ActiveCfg = Debug|x64
		{156CAC86-E74C-43EF-AB28-B7848222E116}.Debug|x64.Build.0 = Debug|x64
		{156CAC86-E74C-43EF-AB28-B7848222E116}.Debug|x86.ActiveCfg = Debug|x86
		{156CAC86-E74C-43EF-AB28-B7848222E116}.Debug|x86.Build.0 = Debug|x86
		{156CAC86-E74C-43EF-AB28-B7848222E116}.Release|Any CPU.ActiveCfg = Release|Any CPU
		{156CAC86-E74C-43EF-AB28-B7848222E116}.Release|Any CPU.Build.0 = Release|Any CPU
		{156CAC86-E74C-43EF-AB28-B7848222E116}.Release|ARM.ActiveCfg = Release|ARM
		{156CAC86-E74C-43EF-AB28-B7848222E116}.Release|ARM.Build.0 = Release|ARM
		{156CAC86-E74C-43EF-AB28-B7848222E116}.Release|arm64.ActiveCfg = Release|ARM64
		{156CAC86-E74C-43EF-AB28-B7848222E116}.Release|arm64.Build.0 = Release|ARM64
		{156CAC86-E74C-43EF-AB28-B7848222E116}.Release|x64.ActiveCfg = Release|x64
		{156CAC86-E74C-43EF-AB28-B7848222E116}.Release|x64.Build.0 = Release|x64
		{156CAC86-E74C-43EF-AB28-B7848222E116}.Release|x86.ActiveCfg = Release|x86
		{156CAC86-E74C-43EF-AB28-B7848222E116}.Release|x86.Build.0 = Release|x86
	EndGlobalSection
	GlobalSection(SolutionProperties) = preSolution
		HideSolutionNode = FALSE
	EndGlobalSection
	GlobalSection(ExtensibilityGlobals) = postSolution
		SolutionGuid = {7BFB0478-97FD-497F-870B-EBB3CEA6DE32}
	EndGlobalSection
EndGlobal
